
Microsoft Visual Studio Solution File, Format Version 12.00
# Visual Studio 14
VisualStudioVersion = 14.0.25420.1
MinimumVisualStudioVersion = 10.0.40219.1
Project("{2150E333-8FDC-42A3-9474-1A3956D46DE8}") = "Example", "Example", "{6BD4FA8E-4BAB-45DB-AA0D-5263B01F2271}"
EndProject
Project("{2150E333-8FDC-42A3-9474-1A3956D46DE8}") = "Library", "Library", "{AE28F6C2-7499-4F0C-A9F6-FA06B7F88C65}"
EndProject
Project("{FAE04EC0-301F-11D3-BF4B-00C04F79EFBC}") = "Medius.Example", "Medius.Example\Medius.Example\Medius.Example.csproj", "{D2AB2A08-F5FB-4395-A99C-F1B960DE8B4B}"
EndProject
Project("{FAE04EC0-301F-11D3-BF4B-00C04F79EFBC}") = "Medius.Example.Droid", "Medius.Example\Medius.Example.Droid\Medius.Example.Droid.csproj", "{90BCCA87-C421-4758-AC01-D57FF53C355C}"
EndProject
Project("{FAE04EC0-301F-11D3-BF4B-00C04F79EFBC}") = "Medius.Example.iOS", "Medius.Example\Medius.Example.iOS\Medius.Example.iOS.csproj", "{2DBC60E8-A191-44DB-9F82-31CE512F3F77}"
EndProject
Project("{FAE04EC0-301F-11D3-BF4B-00C04F79EFBC}") = "Medius.Core", "Medius.Library\Medius.Core\Medius.Core.csproj", "{67F9D3A8-F71E-4428-913F-C37AE82CDB24}"
EndProject
Project("{FAE04EC0-301F-11D3-BF4B-00C04F79EFBC}") = "Medius.Droid", "Medius.Library\Medius.Droid\Medius.Droid.csproj", "{0B9240D9-C85C-4573-B9A4-522A3BF07ECA}"
EndProject
Project("{FAE04EC0-301F-11D3-BF4B-00C04F79EFBC}") = "Medius.iOS", "Medius.Library\Medius.iOS\Medius.iOS.csproj", "{2680D802-A7EA-4E54-8835-C73927266F0A}"
EndProject
Project("{2150E333-8FDC-42A3-9474-1A3956D46DE8}") = "Solution Items", "Solution Items", "{F3404451-C89B-40B0-A263-FCDEB84EC117}"
	ProjectSection(SolutionItems) = preProject
		.gitignore = .gitignore
		README.md = README.md
	EndProjectSection
EndProject
Global
	GlobalSection(SolutionConfigurationPlatforms) = preSolution
		Ad-Hoc|Any CPU = Ad-Hoc|Any CPU
		Ad-Hoc|ARM = Ad-Hoc|ARM
		Ad-Hoc|iPhone = Ad-Hoc|iPhone
		Ad-Hoc|iPhoneSimulator = Ad-Hoc|iPhoneSimulator
		Ad-Hoc|x64 = Ad-Hoc|x64
		Ad-Hoc|x86 = Ad-Hoc|x86
		AppStore|Any CPU = AppStore|Any CPU
		AppStore|ARM = AppStore|ARM
		AppStore|iPhone = AppStore|iPhone
		AppStore|iPhoneSimulator = AppStore|iPhoneSimulator
		AppStore|x64 = AppStore|x64
		AppStore|x86 = AppStore|x86
		Debug|Any CPU = Debug|Any CPU
		Debug|ARM = Debug|ARM
		Debug|iPhone = Debug|iPhone
		Debug|iPhoneSimulator = Debug|iPhoneSimulator
		Debug|x64 = Debug|x64
		Debug|x86 = Debug|x86
		Release|Any CPU = Release|Any CPU
		Release|ARM = Release|ARM
		Release|iPhone = Release|iPhone
		Release|iPhoneSimulator = Release|iPhoneSimulator
		Release|x64 = Release|x64
		Release|x86 = Release|x86
	EndGlobalSection
	GlobalSection(ProjectConfigurationPlatforms) = postSolution
		{D2AB2A08-F5FB-4395-A99C-F1B960DE8B4B}.Ad-Hoc|Any CPU.ActiveCfg = Release|Any CPU
		{D2AB2A08-F5FB-4395-A99C-F1B960DE8B4B}.Ad-Hoc|Any CPU.Build.0 = Release|Any CPU
		{D2AB2A08-F5FB-4395-A99C-F1B960DE8B4B}.Ad-Hoc|ARM.ActiveCfg = Release|Any CPU
		{D2AB2A08-F5FB-4395-A99C-F1B960DE8B4B}.Ad-Hoc|ARM.Build.0 = Release|Any CPU
		{D2AB2A08-F5FB-4395-A99C-F1B960DE8B4B}.Ad-Hoc|iPhone.ActiveCfg = Release|Any CPU
		{D2AB2A08-F5FB-4395-A99C-F1B960DE8B4B}.Ad-Hoc|iPhone.Build.0 = Release|Any CPU
		{D2AB2A08-F5FB-4395-A99C-F1B960DE8B4B}.Ad-Hoc|iPhoneSimulator.ActiveCfg = Release|Any CPU
		{D2AB2A08-F5FB-4395-A99C-F1B960DE8B4B}.Ad-Hoc|iPhoneSimulator.Build.0 = Release|Any CPU
		{D2AB2A08-F5FB-4395-A99C-F1B960DE8B4B}.Ad-Hoc|x64.ActiveCfg = Release|Any CPU
		{D2AB2A08-F5FB-4395-A99C-F1B960DE8B4B}.Ad-Hoc|x64.Build.0 = Release|Any CPU
		{D2AB2A08-F5FB-4395-A99C-F1B960DE8B4B}.Ad-Hoc|x86.ActiveCfg = Release|Any CPU
		{D2AB2A08-F5FB-4395-A99C-F1B960DE8B4B}.Ad-Hoc|x86.Build.0 = Release|Any CPU
		{D2AB2A08-F5FB-4395-A99C-F1B960DE8B4B}.AppStore|Any CPU.ActiveCfg = Release|Any CPU
		{D2AB2A08-F5FB-4395-A99C-F1B960DE8B4B}.AppStore|Any CPU.Build.0 = Release|Any CPU
		{D2AB2A08-F5FB-4395-A99C-F1B960DE8B4B}.AppStore|ARM.ActiveCfg = Release|Any CPU
		{D2AB2A08-F5FB-4395-A99C-F1B960DE8B4B}.AppStore|ARM.Build.0 = Release|Any CPU
		{D2AB2A08-F5FB-4395-A99C-F1B960DE8B4B}.AppStore|iPhone.ActiveCfg = Release|Any CPU
		{D2AB2A08-F5FB-4395-A99C-F1B960DE8B4B}.AppStore|iPhone.Build.0 = Release|Any CPU
		{D2AB2A08-F5FB-4395-A99C-F1B960DE8B4B}.AppStore|iPhoneSimulator.ActiveCfg = Release|Any CPU
		{D2AB2A08-F5FB-4395-A99C-F1B960DE8B4B}.AppStore|iPhoneSimulator.Build.0 = Release|Any CPU
		{D2AB2A08-F5FB-4395-A99C-F1B960DE8B4B}.AppStore|x64.ActiveCfg = Release|Any CPU
		{D2AB2A08-F5FB-4395-A99C-F1B960DE8B4B}.AppStore|x64.Build.0 = Release|Any CPU
		{D2AB2A08-F5FB-4395-A99C-F1B960DE8B4B}.AppStore|x86.ActiveCfg = Release|Any CPU
		{D2AB2A08-F5FB-4395-A99C-F1B960DE8B4B}.AppStore|x86.Build.0 = Release|Any CPU
		{D2AB2A08-F5FB-4395-A99C-F1B960DE8B4B}.Debug|Any CPU.ActiveCfg = Debug|Any CPU
		{D2AB2A08-F5FB-4395-A99C-F1B960DE8B4B}.Debug|Any CPU.Build.0 = Debug|Any CPU
		{D2AB2A08-F5FB-4395-A99C-F1B960DE8B4B}.Debug|ARM.ActiveCfg = Debug|Any CPU
		{D2AB2A08-F5FB-4395-A99C-F1B960DE8B4B}.Debug|ARM.Build.0 = Debug|Any CPU
		{D2AB2A08-F5FB-4395-A99C-F1B960DE8B4B}.Debug|iPhone.ActiveCfg = Debug|Any CPU
		{D2AB2A08-F5FB-4395-A99C-F1B960DE8B4B}.Debug|iPhone.Build.0 = Debug|Any CPU
		{D2AB2A08-F5FB-4395-A99C-F1B960DE8B4B}.Debug|iPhoneSimulator.ActiveCfg = Debug|Any CPU
		{D2AB2A08-F5FB-4395-A99C-F1B960DE8B4B}.Debug|iPhoneSimulator.Build.0 = Debug|Any CPU
		{D2AB2A08-F5FB-4395-A99C-F1B960DE8B4B}.Debug|x64.ActiveCfg = Debug|Any CPU
		{D2AB2A08-F5FB-4395-A99C-F1B960DE8B4B}.Debug|x64.Build.0 = Debug|Any CPU
		{D2AB2A08-F5FB-4395-A99C-F1B960DE8B4B}.Debug|x86.ActiveCfg = Debug|Any CPU
		{D2AB2A08-F5FB-4395-A99C-F1B960DE8B4B}.Debug|x86.Build.0 = Debug|Any CPU
		{D2AB2A08-F5FB-4395-A99C-F1B960DE8B4B}.Release|Any CPU.ActiveCfg = Release|Any CPU
		{D2AB2A08-F5FB-4395-A99C-F1B960DE8B4B}.Release|Any CPU.Build.0 = Release|Any CPU
		{D2AB2A08-F5FB-4395-A99C-F1B960DE8B4B}.Release|ARM.ActiveCfg = Release|Any CPU
		{D2AB2A08-F5FB-4395-A99C-F1B960DE8B4B}.Release|ARM.Build.0 = Release|Any CPU
		{D2AB2A08-F5FB-4395-A99C-F1B960DE8B4B}.Release|iPhone.ActiveCfg = Release|Any CPU
		{D2AB2A08-F5FB-4395-A99C-F1B960DE8B4B}.Release|iPhone.Build.0 = Release|Any CPU
		{D2AB2A08-F5FB-4395-A99C-F1B960DE8B4B}.Release|iPhoneSimulator.ActiveCfg = Release|Any CPU
		{D2AB2A08-F5FB-4395-A99C-F1B960DE8B4B}.Release|iPhoneSimulator.Build.0 = Release|Any CPU
		{D2AB2A08-F5FB-4395-A99C-F1B960DE8B4B}.Release|x64.ActiveCfg = Release|Any CPU
		{D2AB2A08-F5FB-4395-A99C-F1B960DE8B4B}.Release|x64.Build.0 = Release|Any CPU
		{D2AB2A08-F5FB-4395-A99C-F1B960DE8B4B}.Release|x86.ActiveCfg = Release|Any CPU
		{D2AB2A08-F5FB-4395-A99C-F1B960DE8B4B}.Release|x86.Build.0 = Release|Any CPU
		{90BCCA87-C421-4758-AC01-D57FF53C355C}.Ad-Hoc|Any CPU.ActiveCfg = Release|Any CPU
		{90BCCA87-C421-4758-AC01-D57FF53C355C}.Ad-Hoc|Any CPU.Build.0 = Release|Any CPU
		{90BCCA87-C421-4758-AC01-D57FF53C355C}.Ad-Hoc|Any CPU.Deploy.0 = Release|Any CPU
		{90BCCA87-C421-4758-AC01-D57FF53C355C}.Ad-Hoc|ARM.ActiveCfg = Release|Any CPU
		{90BCCA87-C421-4758-AC01-D57FF53C355C}.Ad-Hoc|ARM.Build.0 = Release|Any CPU
		{90BCCA87-C421-4758-AC01-D57FF53C355C}.Ad-Hoc|ARM.Deploy.0 = Release|Any CPU
		{90BCCA87-C421-4758-AC01-D57FF53C355C}.Ad-Hoc|iPhone.ActiveCfg = Release|Any CPU
		{90BCCA87-C421-4758-AC01-D57FF53C355C}.Ad-Hoc|iPhone.Build.0 = Release|Any CPU
		{90BCCA87-C421-4758-AC01-D57FF53C355C}.Ad-Hoc|iPhone.Deploy.0 = Release|Any CPU
		{90BCCA87-C421-4758-AC01-D57FF53C355C}.Ad-Hoc|iPhoneSimulator.ActiveCfg = Release|Any CPU
		{90BCCA87-C421-4758-AC01-D57FF53C355C}.Ad-Hoc|iPhoneSimulator.Build.0 = Release|Any CPU
		{90BCCA87-C421-4758-AC01-D57FF53C355C}.Ad-Hoc|iPhoneSimulator.Deploy.0 = Release|Any CPU
		{90BCCA87-C421-4758-AC01-D57FF53C355C}.Ad-Hoc|x64.ActiveCfg = Release|Any CPU
		{90BCCA87-C421-4758-AC01-D57FF53C355C}.Ad-Hoc|x64.Build.0 = Release|Any CPU
		{90BCCA87-C421-4758-AC01-D57FF53C355C}.Ad-Hoc|x64.Deploy.0 = Release|Any CPU
		{90BCCA87-C421-4758-AC01-D57FF53C355C}.Ad-Hoc|x86.ActiveCfg = Release|Any CPU
		{90BCCA87-C421-4758-AC01-D57FF53C355C}.Ad-Hoc|x86.Build.0 = Release|Any CPU
		{90BCCA87-C421-4758-AC01-D57FF53C355C}.Ad-Hoc|x86.Deploy.0 = Release|Any CPU
		{90BCCA87-C421-4758-AC01-D57FF53C355C}.AppStore|Any CPU.ActiveCfg = Release|Any CPU
		{90BCCA87-C421-4758-AC01-D57FF53C355C}.AppStore|Any CPU.Build.0 = Release|Any CPU
		{90BCCA87-C421-4758-AC01-D57FF53C355C}.AppStore|Any CPU.Deploy.0 = Release|Any CPU
		{90BCCA87-C421-4758-AC01-D57FF53C355C}.AppStore|ARM.ActiveCfg = Release|Any CPU
		{90BCCA87-C421-4758-AC01-D57FF53C355C}.AppStore|ARM.Build.0 = Release|Any CPU
		{90BCCA87-C421-4758-AC01-D57FF53C355C}.AppStore|ARM.Deploy.0 = Release|Any CPU
		{90BCCA87-C421-4758-AC01-D57FF53C355C}.AppStore|iPhone.ActiveCfg = Release|Any CPU
		{90BCCA87-C421-4758-AC01-D57FF53C355C}.AppStore|iPhone.Build.0 = Release|Any CPU
		{90BCCA87-C421-4758-AC01-D57FF53C355C}.AppStore|iPhone.Deploy.0 = Release|Any CPU
		{90BCCA87-C421-4758-AC01-D57FF53C355C}.AppStore|iPhoneSimulator.ActiveCfg = Release|Any CPU
		{90BCCA87-C421-4758-AC01-D57FF53C355C}.AppStore|iPhoneSimulator.Build.0 = Release|Any CPU
		{90BCCA87-C421-4758-AC01-D57FF53C355C}.AppStore|iPhoneSimulator.Deploy.0 = Release|Any CPU
		{90BCCA87-C421-4758-AC01-D57FF53C355C}.AppStore|x64.ActiveCfg = Release|Any CPU
		{90BCCA87-C421-4758-AC01-D57FF53C355C}.AppStore|x64.Build.0 = Release|Any CPU
		{90BCCA87-C421-4758-AC01-D57FF53C355C}.AppStore|x64.Deploy.0 = Release|Any CPU
		{90BCCA87-C421-4758-AC01-D57FF53C355C}.AppStore|x86.ActiveCfg = Release|Any CPU
		{90BCCA87-C421-4758-AC01-D57FF53C355C}.AppStore|x86.Build.0 = Release|Any CPU
		{90BCCA87-C421-4758-AC01-D57FF53C355C}.AppStore|x86.Deploy.0 = Release|Any CPU
		{90BCCA87-C421-4758-AC01-D57FF53C355C}.Debug|Any CPU.ActiveCfg = Debug|Any CPU
		{90BCCA87-C421-4758-AC01-D57FF53C355C}.Debug|Any CPU.Build.0 = Debug|Any CPU
		{90BCCA87-C421-4758-AC01-D57FF53C355C}.Debug|Any CPU.Deploy.0 = Debug|Any CPU
		{90BCCA87-C421-4758-AC01-D57FF53C355C}.Debug|ARM.ActiveCfg = Debug|Any CPU
		{90BCCA87-C421-4758-AC01-D57FF53C355C}.Debug|ARM.Build.0 = Debug|Any CPU
		{90BCCA87-C421-4758-AC01-D57FF53C355C}.Debug|ARM.Deploy.0 = Debug|Any CPU
		{90BCCA87-C421-4758-AC01-D57FF53C355C}.Debug|iPhone.ActiveCfg = Debug|Any CPU
		{90BCCA87-C421-4758-AC01-D57FF53C355C}.Debug|iPhone.Build.0 = Debug|Any CPU
		{90BCCA87-C421-4758-AC01-D57FF53C355C}.Debug|iPhone.Deploy.0 = Debug|Any CPU
		{90BCCA87-C421-4758-AC01-D57FF53C355C}.Debug|iPhoneSimulator.ActiveCfg = Debug|Any CPU
		{90BCCA87-C421-4758-AC01-D57FF53C355C}.Debug|x64.ActiveCfg = Debug|Any CPU
		{90BCCA87-C421-4758-AC01-D57FF53C355C}.Debug|x64.Build.0 = Debug|Any CPU
		{90BCCA87-C421-4758-AC01-D57FF53C355C}.Debug|x64.Deploy.0 = Debug|Any CPU
		{90BCCA87-C421-4758-AC01-D57FF53C355C}.Debug|x86.ActiveCfg = Debug|Any CPU
		{90BCCA87-C421-4758-AC01-D57FF53C355C}.Debug|x86.Build.0 = Debug|Any CPU
		{90BCCA87-C421-4758-AC01-D57FF53C355C}.Debug|x86.Deploy.0 = Debug|Any CPU
		{90BCCA87-C421-4758-AC01-D57FF53C355C}.Release|Any CPU.ActiveCfg = Release|Any CPU
		{90BCCA87-C421-4758-AC01-D57FF53C355C}.Release|Any CPU.Build.0 = Release|Any CPU
		{90BCCA87-C421-4758-AC01-D57FF53C355C}.Release|Any CPU.Deploy.0 = Release|Any CPU
		{90BCCA87-C421-4758-AC01-D57FF53C355C}.Release|ARM.ActiveCfg = Release|Any CPU
		{90BCCA87-C421-4758-AC01-D57FF53C355C}.Release|ARM.Build.0 = Release|Any CPU
		{90BCCA87-C421-4758-AC01-D57FF53C355C}.Release|ARM.Deploy.0 = Release|Any CPU
		{90BCCA87-C421-4758-AC01-D57FF53C355C}.Release|iPhone.ActiveCfg = Release|Any CPU
		{90BCCA87-C421-4758-AC01-D57FF53C355C}.Release|iPhone.Build.0 = Release|Any CPU
		{90BCCA87-C421-4758-AC01-D57FF53C355C}.Release|iPhone.Deploy.0 = Release|Any CPU
		{90BCCA87-C421-4758-AC01-D57FF53C355C}.Release|iPhoneSimulator.ActiveCfg = Release|Any CPU
		{90BCCA87-C421-4758-AC01-D57FF53C355C}.Release|iPhoneSimulator.Build.0 = Release|Any CPU
		{90BCCA87-C421-4758-AC01-D57FF53C355C}.Release|iPhoneSimulator.Deploy.0 = Release|Any CPU
		{90BCCA87-C421-4758-AC01-D57FF53C355C}.Release|x64.ActiveCfg = Release|Any CPU
		{90BCCA87-C421-4758-AC01-D57FF53C355C}.Release|x64.Build.0 = Release|Any CPU
		{90BCCA87-C421-4758-AC01-D57FF53C355C}.Release|x64.Deploy.0 = Release|Any CPU
		{90BCCA87-C421-4758-AC01-D57FF53C355C}.Release|x86.ActiveCfg = Release|Any CPU
		{90BCCA87-C421-4758-AC01-D57FF53C355C}.Release|x86.Build.0 = Release|Any CPU
		{90BCCA87-C421-4758-AC01-D57FF53C355C}.Release|x86.Deploy.0 = Release|Any CPU
		{2DBC60E8-A191-44DB-9F82-31CE512F3F77}.Ad-Hoc|Any CPU.ActiveCfg = Ad-Hoc|iPhone
		{2DBC60E8-A191-44DB-9F82-31CE512F3F77}.Ad-Hoc|ARM.ActiveCfg = Ad-Hoc|iPhone
		{2DBC60E8-A191-44DB-9F82-31CE512F3F77}.Ad-Hoc|iPhone.ActiveCfg = Ad-Hoc|iPhone
		{2DBC60E8-A191-44DB-9F82-31CE512F3F77}.Ad-Hoc|iPhone.Build.0 = Ad-Hoc|iPhone
		{2DBC60E8-A191-44DB-9F82-31CE512F3F77}.Ad-Hoc|iPhoneSimulator.ActiveCfg = Ad-Hoc|iPhoneSimulator
		{2DBC60E8-A191-44DB-9F82-31CE512F3F77}.Ad-Hoc|iPhoneSimulator.Build.0 = Ad-Hoc|iPhoneSimulator
		{2DBC60E8-A191-44DB-9F82-31CE512F3F77}.Ad-Hoc|x64.ActiveCfg = Ad-Hoc|iPhone
		{2DBC60E8-A191-44DB-9F82-31CE512F3F77}.Ad-Hoc|x86.ActiveCfg = Ad-Hoc|iPhone
		{2DBC60E8-A191-44DB-9F82-31CE512F3F77}.AppStore|Any CPU.ActiveCfg = AppStore|iPhone
		{2DBC60E8-A191-44DB-9F82-31CE512F3F77}.AppStore|ARM.ActiveCfg = AppStore|iPhone
		{2DBC60E8-A191-44DB-9F82-31CE512F3F77}.AppStore|iPhone.ActiveCfg = AppStore|iPhone
		{2DBC60E8-A191-44DB-9F82-31CE512F3F77}.AppStore|iPhone.Build.0 = AppStore|iPhone
		{2DBC60E8-A191-44DB-9F82-31CE512F3F77}.AppStore|iPhoneSimulator.ActiveCfg = AppStore|iPhoneSimulator
		{2DBC60E8-A191-44DB-9F82-31CE512F3F77}.AppStore|iPhoneSimulator.Build.0 = AppStore|iPhoneSimulator
		{2DBC60E8-A191-44DB-9F82-31CE512F3F77}.AppStore|x64.ActiveCfg = AppStore|iPhone
		{2DBC60E8-A191-44DB-9F82-31CE512F3F77}.AppStore|x86.ActiveCfg = AppStore|iPhone
		{2DBC60E8-A191-44DB-9F82-31CE512F3F77}.Debug|Any CPU.ActiveCfg = Debug|iPhone
		{2DBC60E8-A191-44DB-9F82-31CE512F3F77}.Debug|ARM.ActiveCfg = Debug|iPhone
		{2DBC60E8-A191-44DB-9F82-31CE512F3F77}.Debug|iPhone.ActiveCfg = Debug|iPhone
		{2DBC60E8-A191-44DB-9F82-31CE512F3F77}.Debug|iPhone.Build.0 = Debug|iPhone
		{2DBC60E8-A191-44DB-9F82-31CE512F3F77}.Debug|iPhoneSimulator.ActiveCfg = Debug|iPhoneSimulator
		{2DBC60E8-A191-44DB-9F82-31CE512F3F77}.Debug|iPhoneSimulator.Build.0 = Debug|iPhoneSimulator
		{2DBC60E8-A191-44DB-9F82-31CE512F3F77}.Debug|x64.ActiveCfg = Debug|iPhone
		{2DBC60E8-A191-44DB-9F82-31CE512F3F77}.Debug|x86.ActiveCfg = Debug|iPhone
		{2DBC60E8-A191-44DB-9F82-31CE512F3F77}.Release|Any CPU.ActiveCfg = Release|iPhone
		{2DBC60E8-A191-44DB-9F82-31CE512F3F77}.Release|ARM.ActiveCfg = Release|iPhone
		{2DBC60E8-A191-44DB-9F82-31CE512F3F77}.Release|iPhone.ActiveCfg = Release|iPhone
		{2DBC60E8-A191-44DB-9F82-31CE512F3F77}.Release|iPhone.Build.0 = Release|iPhone
		{2DBC60E8-A191-44DB-9F82-31CE512F3F77}.Release|iPhoneSimulator.ActiveCfg = Release|iPhoneSimulator
		{2DBC60E8-A191-44DB-9F82-31CE512F3F77}.Release|iPhoneSimulator.Build.0 = Release|iPhoneSimulator
		{2DBC60E8-A191-44DB-9F82-31CE512F3F77}.Release|x64.ActiveCfg = Release|iPhone
		{2DBC60E8-A191-44DB-9F82-31CE512F3F77}.Release|x86.ActiveCfg = Release|iPhone
		{67F9D3A8-F71E-4428-913F-C37AE82CDB24}.Ad-Hoc|Any CPU.ActiveCfg = Release|Any CPU
		{67F9D3A8-F71E-4428-913F-C37AE82CDB24}.Ad-Hoc|Any CPU.Build.0 = Release|Any CPU
		{67F9D3A8-F71E-4428-913F-C37AE82CDB24}.Ad-Hoc|ARM.ActiveCfg = Release|Any CPU
		{67F9D3A8-F71E-4428-913F-C37AE82CDB24}.Ad-Hoc|ARM.Build.0 = Release|Any CPU
		{67F9D3A8-F71E-4428-913F-C37AE82CDB24}.Ad-Hoc|iPhone.ActiveCfg = Release|Any CPU
		{67F9D3A8-F71E-4428-913F-C37AE82CDB24}.Ad-Hoc|iPhone.Build.0 = Release|Any CPU
		{67F9D3A8-F71E-4428-913F-C37AE82CDB24}.Ad-Hoc|iPhoneSimulator.ActiveCfg = Release|Any CPU
		{67F9D3A8-F71E-4428-913F-C37AE82CDB24}.Ad-Hoc|iPhoneSimulator.Build.0 = Release|Any CPU
		{67F9D3A8-F71E-4428-913F-C37AE82CDB24}.Ad-Hoc|x64.ActiveCfg = Release|Any CPU
		{67F9D3A8-F71E-4428-913F-C37AE82CDB24}.Ad-Hoc|x64.Build.0 = Release|Any CPU
		{67F9D3A8-F71E-4428-913F-C37AE82CDB24}.Ad-Hoc|x86.ActiveCfg = Release|Any CPU
		{67F9D3A8-F71E-4428-913F-C37AE82CDB24}.Ad-Hoc|x86.Build.0 = Release|Any CPU
		{67F9D3A8-F71E-4428-913F-C37AE82CDB24}.AppStore|Any CPU.ActiveCfg = Release|Any CPU
		{67F9D3A8-F71E-4428-913F-C37AE82CDB24}.AppStore|Any CPU.Build.0 = Release|Any CPU
		{67F9D3A8-F71E-4428-913F-C37AE82CDB24}.AppStore|ARM.ActiveCfg = Release|Any CPU
		{67F9D3A8-F71E-4428-913F-C37AE82CDB24}.AppStore|ARM.Build.0 = Release|Any CPU
		{67F9D3A8-F71E-4428-913F-C37AE82CDB24}.AppStore|iPhone.ActiveCfg = Release|Any CPU
		{67F9D3A8-F71E-4428-913F-C37AE82CDB24}.AppStore|iPhone.Build.0 = Release|Any CPU
		{67F9D3A8-F71E-4428-913F-C37AE82CDB24}.AppStore|iPhoneSimulator.ActiveCfg = Release|Any CPU
		{67F9D3A8-F71E-4428-913F-C37AE82CDB24}.AppStore|iPhoneSimulator.Build.0 = Release|Any CPU
		{67F9D3A8-F71E-4428-913F-C37AE82CDB24}.AppStore|x64.ActiveCfg = Release|Any CPU
		{67F9D3A8-F71E-4428-913F-C37AE82CDB24}.AppStore|x64.Build.0 = Release|Any CPU
		{67F9D3A8-F71E-4428-913F-C37AE82CDB24}.AppStore|x86.ActiveCfg = Release|Any CPU
		{67F9D3A8-F71E-4428-913F-C37AE82CDB24}.AppStore|x86.Build.0 = Release|Any CPU
		{67F9D3A8-F71E-4428-913F-C37AE82CDB24}.Debug|Any CPU.ActiveCfg = Debug|Any CPU
		{67F9D3A8-F71E-4428-913F-C37AE82CDB24}.Debug|Any CPU.Build.0 = Debug|Any CPU
		{67F9D3A8-F71E-4428-913F-C37AE82CDB24}.Debug|ARM.ActiveCfg = Debug|Any CPU
		{67F9D3A8-F71E-4428-913F-C37AE82CDB24}.Debug|ARM.Build.0 = Debug|Any CPU
		{67F9D3A8-F71E-4428-913F-C37AE82CDB24}.Debug|iPhone.ActiveCfg = Debug|Any CPU
		{67F9D3A8-F71E-4428-913F-C37AE82CDB24}.Debug|iPhone.Build.0 = Debug|Any CPU
		{67F9D3A8-F71E-4428-913F-C37AE82CDB24}.Debug|iPhoneSimulator.ActiveCfg = Debug|Any CPU
		{67F9D3A8-F71E-4428-913F-C37AE82CDB24}.Debug|iPhoneSimulator.Build.0 = Debug|Any CPU
		{67F9D3A8-F71E-4428-913F-C37AE82CDB24}.Debug|x64.ActiveCfg = Debug|Any CPU
		{67F9D3A8-F71E-4428-913F-C37AE82CDB24}.Debug|x64.Build.0 = Debug|Any CPU
		{67F9D3A8-F71E-4428-913F-C37AE82CDB24}.Debug|x86.ActiveCfg = Debug|Any CPU
		{67F9D3A8-F71E-4428-913F-C37AE82CDB24}.Debug|x86.Build.0 = Debug|Any CPU
		{67F9D3A8-F71E-4428-913F-C37AE82CDB24}.Release|Any CPU.ActiveCfg = Release|Any CPU
		{67F9D3A8-F71E-4428-913F-C37AE82CDB24}.Release|Any CPU.Build.0 = Release|Any CPU
		{67F9D3A8-F71E-4428-913F-C37AE82CDB24}.Release|ARM.ActiveCfg = Release|Any CPU
		{67F9D3A8-F71E-4428-913F-C37AE82CDB24}.Release|ARM.Build.0 = Release|Any CPU
		{67F9D3A8-F71E-4428-913F-C37AE82CDB24}.Release|iPhone.ActiveCfg = Release|Any CPU
		{67F9D3A8-F71E-4428-913F-C37AE82CDB24}.Release|iPhone.Build.0 = Release|Any CPU
		{67F9D3A8-F71E-4428-913F-C37AE82CDB24}.Release|iPhoneSimulator.ActiveCfg = Release|Any CPU
		{67F9D3A8-F71E-4428-913F-C37AE82CDB24}.Release|iPhoneSimulator.Build.0 = Release|Any CPU
		{67F9D3A8-F71E-4428-913F-C37AE82CDB24}.Release|x64.ActiveCfg = Release|Any CPU
		{67F9D3A8-F71E-4428-913F-C37AE82CDB24}.Release|x64.Build.0 = Release|Any CPU
		{67F9D3A8-F71E-4428-913F-C37AE82CDB24}.Release|x86.ActiveCfg = Release|Any CPU
		{67F9D3A8-F71E-4428-913F-C37AE82CDB24}.Release|x86.Build.0 = Release|Any CPU
		{0B9240D9-C85C-4573-B9A4-522A3BF07ECA}.Ad-Hoc|Any CPU.ActiveCfg = Release|Any CPU
		{0B9240D9-C85C-4573-B9A4-522A3BF07ECA}.Ad-Hoc|Any CPU.Build.0 = Release|Any CPU
		{0B9240D9-C85C-4573-B9A4-522A3BF07ECA}.Ad-Hoc|ARM.ActiveCfg = Release|Any CPU
		{0B9240D9-C85C-4573-B9A4-522A3BF07ECA}.Ad-Hoc|ARM.Build.0 = Release|Any CPU
		{0B9240D9-C85C-4573-B9A4-522A3BF07ECA}.Ad-Hoc|iPhone.ActiveCfg = Release|Any CPU
		{0B9240D9-C85C-4573-B9A4-522A3BF07ECA}.Ad-Hoc|iPhone.Build.0 = Release|Any CPU
		{0B9240D9-C85C-4573-B9A4-522A3BF07ECA}.Ad-Hoc|iPhoneSimulator.ActiveCfg = Release|Any CPU
		{0B9240D9-C85C-4573-B9A4-522A3BF07ECA}.Ad-Hoc|iPhoneSimulator.Build.0 = Release|Any CPU
		{0B9240D9-C85C-4573-B9A4-522A3BF07ECA}.Ad-Hoc|x64.ActiveCfg = Release|Any CPU
		{0B9240D9-C85C-4573-B9A4-522A3BF07ECA}.Ad-Hoc|x64.Build.0 = Release|Any CPU
		{0B9240D9-C85C-4573-B9A4-522A3BF07ECA}.Ad-Hoc|x86.ActiveCfg = Release|Any CPU
		{0B9240D9-C85C-4573-B9A4-522A3BF07ECA}.Ad-Hoc|x86.Build.0 = Release|Any CPU
		{0B9240D9-C85C-4573-B9A4-522A3BF07ECA}.AppStore|Any CPU.ActiveCfg = Release|Any CPU
		{0B9240D9-C85C-4573-B9A4-522A3BF07ECA}.AppStore|Any CPU.Build.0 = Release|Any CPU
		{0B9240D9-C85C-4573-B9A4-522A3BF07ECA}.AppStore|ARM.ActiveCfg = Release|Any CPU
		{0B9240D9-C85C-4573-B9A4-522A3BF07ECA}.AppStore|ARM.Build.0 = Release|Any CPU
		{0B9240D9-C85C-4573-B9A4-522A3BF07ECA}.AppStore|iPhone.ActiveCfg = Release|Any CPU
		{0B9240D9-C85C-4573-B9A4-522A3BF07ECA}.AppStore|iPhone.Build.0 = Release|Any CPU
		{0B9240D9-C85C-4573-B9A4-522A3BF07ECA}.AppStore|iPhoneSimulator.ActiveCfg = Release|Any CPU
		{0B9240D9-C85C-4573-B9A4-522A3BF07ECA}.AppStore|iPhoneSimulator.Build.0 = Release|Any CPU
		{0B9240D9-C85C-4573-B9A4-522A3BF07ECA}.AppStore|x64.ActiveCfg = Release|Any CPU
		{0B9240D9-C85C-4573-B9A4-522A3BF07ECA}.AppStore|x64.Build.0 = Release|Any CPU
		{0B9240D9-C85C-4573-B9A4-522A3BF07ECA}.AppStore|x86.ActiveCfg = Release|Any CPU
		{0B9240D9-C85C-4573-B9A4-522A3BF07ECA}.AppStore|x86.Build.0 = Release|Any CPU
		{0B9240D9-C85C-4573-B9A4-522A3BF07ECA}.Debug|Any CPU.ActiveCfg = Debug|Any CPU
		{0B9240D9-C85C-4573-B9A4-522A3BF07ECA}.Debug|Any CPU.Build.0 = Debug|Any CPU
		{0B9240D9-C85C-4573-B9A4-522A3BF07ECA}.Debug|ARM.ActiveCfg = Debug|Any CPU
		{0B9240D9-C85C-4573-B9A4-522A3BF07ECA}.Debug|ARM.Build.0 = Debug|Any CPU
		{0B9240D9-C85C-4573-B9A4-522A3BF07ECA}.Debug|iPhone.ActiveCfg = Debug|Any CPU
		{0B9240D9-C85C-4573-B9A4-522A3BF07ECA}.Debug|iPhone.Build.0 = Debug|Any CPU
		{0B9240D9-C85C-4573-B9A4-522A3BF07ECA}.Debug|iPhoneSimulator.ActiveCfg = Debug|Any CPU
		{0B9240D9-C85C-4573-B9A4-522A3BF07ECA}.Debug|x64.ActiveCfg = Debug|Any CPU
		{0B9240D9-C85C-4573-B9A4-522A3BF07ECA}.Debug|x64.Build.0 = Debug|Any CPU
		{0B9240D9-C85C-4573-B9A4-522A3BF07ECA}.Debug|x86.ActiveCfg = Debug|Any CPU
		{0B9240D9-C85C-4573-B9A4-522A3BF07ECA}.Debug|x86.Build.0 = Debug|Any CPU
		{0B9240D9-C85C-4573-B9A4-522A3BF07ECA}.Release|Any CPU.ActiveCfg = Release|Any CPU
		{0B9240D9-C85C-4573-B9A4-522A3BF07ECA}.Release|Any CPU.Build.0 = Release|Any CPU
		{0B9240D9-C85C-4573-B9A4-522A3BF07ECA}.Release|ARM.ActiveCfg = Release|Any CPU
		{0B9240D9-C85C-4573-B9A4-522A3BF07ECA}.Release|ARM.Build.0 = Release|Any CPU
		{0B9240D9-C85C-4573-B9A4-522A3BF07ECA}.Release|iPhone.ActiveCfg = Release|Any CPU
		{0B9240D9-C85C-4573-B9A4-522A3BF07ECA}.Release|iPhone.Build.0 = Release|Any CPU
		{0B9240D9-C85C-4573-B9A4-522A3BF07ECA}.Release|iPhoneSimulator.ActiveCfg = Release|Any CPU
		{0B9240D9-C85C-4573-B9A4-522A3BF07ECA}.Release|iPhoneSimulator.Build.0 = Release|Any CPU
		{0B9240D9-C85C-4573-B9A4-522A3BF07ECA}.Release|x64.ActiveCfg = Release|Any CPU
		{0B9240D9-C85C-4573-B9A4-522A3BF07ECA}.Release|x64.Build.0 = Release|Any CPU
		{0B9240D9-C85C-4573-B9A4-522A3BF07ECA}.Release|x86.ActiveCfg = Release|Any CPU
		{0B9240D9-C85C-4573-B9A4-522A3BF07ECA}.Release|x86.Build.0 = Release|Any CPU
		{2680D802-A7EA-4E54-8835-C73927266F0A}.Ad-Hoc|Any CPU.ActiveCfg = Release|Any CPU
		{2680D802-A7EA-4E54-8835-C73927266F0A}.Ad-Hoc|Any CPU.Build.0 = Release|Any CPU
		{2680D802-A7EA-4E54-8835-C73927266F0A}.Ad-Hoc|ARM.ActiveCfg = Release|Any CPU
		{2680D802-A7EA-4E54-8835-C73927266F0A}.Ad-Hoc|ARM.Build.0 = Release|Any CPU
		{2680D802-A7EA-4E54-8835-C73927266F0A}.Ad-Hoc|iPhone.ActiveCfg = Release|Any CPU
		{2680D802-A7EA-4E54-8835-C73927266F0A}.Ad-Hoc|iPhone.Build.0 = Release|Any CPU
		{2680D802-A7EA-4E54-8835-C73927266F0A}.Ad-Hoc|iPhoneSimulator.ActiveCfg = Release|Any CPU
		{2680D802-A7EA-4E54-8835-C73927266F0A}.Ad-Hoc|iPhoneSimulator.Build.0 = Release|Any CPU
		{2680D802-A7EA-4E54-8835-C73927266F0A}.Ad-Hoc|x64.ActiveCfg = Release|Any CPU
		{2680D802-A7EA-4E54-8835-C73927266F0A}.Ad-Hoc|x64.Build.0 = Release|Any CPU
		{2680D802-A7EA-4E54-8835-C73927266F0A}.Ad-Hoc|x86.ActiveCfg = Release|Any CPU
		{2680D802-A7EA-4E54-8835-C73927266F0A}.Ad-Hoc|x86.Build.0 = Release|Any CPU
		{2680D802-A7EA-4E54-8835-C73927266F0A}.AppStore|Any CPU.ActiveCfg = Release|Any CPU
		{2680D802-A7EA-4E54-8835-C73927266F0A}.AppStore|Any CPU.Build.0 = Release|Any CPU
		{2680D802-A7EA-4E54-8835-C73927266F0A}.AppStore|ARM.ActiveCfg = Release|Any CPU
		{2680D802-A7EA-4E54-8835-C73927266F0A}.AppStore|ARM.Build.0 = Release|Any CPU
		{2680D802-A7EA-4E54-8835-C73927266F0A}.AppStore|iPhone.ActiveCfg = Release|Any CPU
		{2680D802-A7EA-4E54-8835-C73927266F0A}.AppStore|iPhone.Build.0 = Release|Any CPU
		{2680D802-A7EA-4E54-8835-C73927266F0A}.AppStore|iPhoneSimulator.ActiveCfg = Release|Any CPU
		{2680D802-A7EA-4E54-8835-C73927266F0A}.AppStore|iPhoneSimulator.Build.0 = Release|Any CPU
		{2680D802-A7EA-4E54-8835-C73927266F0A}.AppStore|x64.ActiveCfg = Release|Any CPU
		{2680D802-A7EA-4E54-8835-C73927266F0A}.AppStore|x64.Build.0 = Release|Any CPU
		{2680D802-A7EA-4E54-8835-C73927266F0A}.AppStore|x86.ActiveCfg = Release|Any CPU
		{2680D802-A7EA-4E54-8835-C73927266F0A}.AppStore|x86.Build.0 = Release|Any CPU
		{2680D802-A7EA-4E54-8835-C73927266F0A}.Debug|Any CPU.ActiveCfg = Debug|Any CPU
		{2680D802-A7EA-4E54-8835-C73927266F0A}.Debug|ARM.ActiveCfg = Debug|Any CPU
		{2680D802-A7EA-4E54-8835-C73927266F0A}.Debug|ARM.Build.0 = Debug|Any CPU
		{2680D802-A7EA-4E54-8835-C73927266F0A}.Debug|iPhone.ActiveCfg = Debug|Any CPU
		{2680D802-A7EA-4E54-8835-C73927266F0A}.Debug|iPhone.Build.0 = Debug|Any CPU
		{2680D802-A7EA-4E54-8835-C73927266F0A}.Debug|iPhoneSimulator.ActiveCfg = Debug|Any CPU
		{2680D802-A7EA-4E54-8835-C73927266F0A}.Debug|iPhoneSimulator.Build.0 = Debug|Any CPU
		{2680D802-A7EA-4E54-8835-C73927266F0A}.Debug|x64.ActiveCfg = Debug|Any CPU
		{2680D802-A7EA-4E54-8835-C73927266F0A}.Debug|x64.Build.0 = Debug|Any CPU
		{2680D802-A7EA-4E54-8835-C73927266F0A}.Debug|x86.ActiveCfg = Debug|Any CPU
		{2680D802-A7EA-4E54-8835-C73927266F0A}.Debug|x86.Build.0 = Debug|Any CPU
		{2680D802-A7EA-4E54-8835-C73927266F0A}.Release|Any CPU.ActiveCfg = Release|Any CPU
		{2680D802-A7EA-4E54-8835-C73927266F0A}.Release|Any CPU.Build.0 = Release|Any CPU
		{2680D802-A7EA-4E54-8835-C73927266F0A}.Release|ARM.ActiveCfg = Release|Any CPU
		{2680D802-A7EA-4E54-8835-C73927266F0A}.Release|ARM.Build.0 = Release|Any CPU
		{2680D802-A7EA-4E54-8835-C73927266F0A}.Release|iPhone.ActiveCfg = Release|Any CPU
		{2680D802-A7EA-4E54-8835-C73927266F0A}.Release|iPhone.Build.0 = Release|Any CPU
		{2680D802-A7EA-4E54-8835-C73927266F0A}.Release|iPhoneSimulator.ActiveCfg = Release|Any CPU
		{2680D802-A7EA-4E54-8835-C73927266F0A}.Release|iPhoneSimulator.Build.0 = Release|Any CPU
		{2680D802-A7EA-4E54-8835-C73927266F0A}.Release|x64.ActiveCfg = Release|Any CPU
		{2680D802-A7EA-4E54-8835-C73927266F0A}.Release|x64.Build.0 = Release|Any CPU
		{2680D802-A7EA-4E54-8835-C73927266F0A}.Release|x86.ActiveCfg = Release|Any CPU
		{2680D802-A7EA-4E54-8835-C73927266F0A}.Release|x86.Build.0 = Release|Any CPU
	EndGlobalSection
	GlobalSection(SolutionProperties) = preSolution
		HideSolutionNode = FALSE
	EndGlobalSection
	GlobalSection(NestedProjects) = preSolution
		{D2AB2A08-F5FB-4395-A99C-F1B960DE8B4B} = {6BD4FA8E-4BAB-45DB-AA0D-5263B01F2271}
		{90BCCA87-C421-4758-AC01-D57FF53C355C} = {6BD4FA8E-4BAB-45DB-AA0D-5263B01F2271}
		{2DBC60E8-A191-44DB-9F82-31CE512F3F77} = {6BD4FA8E-4BAB-45DB-AA0D-5263B01F2271}
		{67F9D3A8-F71E-4428-913F-C37AE82CDB24} = {AE28F6C2-7499-4F0C-A9F6-FA06B7F88C65}
		{0B9240D9-C85C-4573-B9A4-522A3BF07ECA} = {AE28F6C2-7499-4F0C-A9F6-FA06B7F88C65}
		{2680D802-A7EA-4E54-8835-C73927266F0A} = {AE28F6C2-7499-4F0C-A9F6-FA06B7F88C65}
	EndGlobalSection
EndGlobal
